{
  "name": "ml-init",
  "version": "1.0.0",
  "lockfileVersion": 3,
  "requires": true,
  "packages": {
    "": {
      "name": "ml-init",
      "version": "1.0.0",
      "license": "ISC",
      "dependencies": {
        "decision-tree": "^0.3.7",
        "machine_learning": "^0.1.1",
        "random-forest": "^0.0.7",
        "random-forest-classifier": "^0.6.0"
      }
    },
    "node_modules/async": {
      "version": "0.9.2",
      "resolved": "https://registry.npmjs.org/async/-/async-0.9.2.tgz",
      "integrity": "sha512-l6ToIJIotphWahxxHyzK9bnLR6kM4jJIIgLShZeqLY7iboHoGkdgFl7W2/Ivi4SkMJYGKqW8vSuk0uKUj6qsSw=="
    },
    "node_modules/decision-tree": {
      "version": "0.3.7",
      "resolved": "https://registry.npmjs.org/decision-tree/-/decision-tree-0.3.7.tgz",
      "integrity": "sha512-owlopiCdbKk5fYaiVfCCom5me0W+gSuVio4D0A+2QA6DV2fGpzxAYE8XB8cS4g1F4Ht6rR8N5HKsjti8kytL+A==",
      "dependencies": {
        "lodash": "^4.17.21"
      },
      "engines": {
        "node": ">= 14.x"
      }
    },
    "node_modules/importance": {
      "version": "0.0.4",
      "resolved": "https://registry.npmjs.org/importance/-/importance-0.0.4.tgz",
      "integrity": "sha512-3zKffSn6BmOpFbP9WX/AVZ++ZzqVDyqhP9/rrYeum0nVh9B2bIgmJkm+E9/MNHTf9eUfXPezZholVr3aTluIzw=="
    },
    "node_modules/lodash": {
      "version": "4.17.21",
      "resolved": "https://registry.npmjs.org/lodash/-/lodash-4.17.21.tgz",
      "integrity": "sha512-v2kDEe57lecTulaDIuNTPy3Ry4gLGJ6Z1O3vE1krgXZNrsQ+LFTGHVxVjcXPs17LhbZVGedAJv8XZ1tvj5FvSg=="
    },
    "node_modules/machine_learning": {
      "version": "0.1.1",
      "resolved": "https://registry.npmjs.org/machine_learning/-/machine_learning-0.1.1.tgz",
      "integrity": "sha512-vbF50HPjH5ZW5awzfFcBiSajP28s/yrbYsjdBt9nZrs91HZFchE9DpF3UdnyGMQLcV3xSZf5GhRkx/unTi8D6g==",
      "engines": {
        "node": "*"
      }
    },
    "node_modules/random-forest": {
      "version": "0.0.7",
      "resolved": "https://registry.npmjs.org/random-forest/-/random-forest-0.0.7.tgz",
      "integrity": "sha512-fjVxQBZ56/BAZl7kpyWspfPiLdlGHpQltNqpQnPanEdDGdcqOqynu64KyoY3lY4FlkmvBRY9fhR3G9QdYXmJAw==",
      "dependencies": {
        "importance": "0.0.4"
      }
    },
    "node_modules/random-forest-classifier": {
      "version": "0.6.0",
      "resolved": "https://registry.npmjs.org/random-forest-classifier/-/random-forest-classifier-0.6.0.tgz",
      "integrity": "sha512-dQZsUcoiqpakzRbNDoxjmZfW3uutO9ZaQaxZdR+504pbiA96FvCwDsppbPW6mI0qYRfCkQHv1OCgnZ0yqLBFPQ==",
      "dependencies": {
        "async": "^0.9.0",
        "underscore": "^1.6.0"
      }
    },
    "node_modules/underscore": {
      "version": "1.13.6",
      "resolved": "https://registry.npmjs.org/underscore/-/underscore-1.13.6.tgz",
      "integrity": "sha512-+A5Sja4HP1M08MaXya7p5LvjuM7K6q/2EaC0+iovj/wOcMsTzMvDFbasi/oSapiwOlt252IqsKqPjCl7huKS0A=="
    }
  }
}
