{
  "name": "polynomial-regressiya",
  "version": "1.0.0",
  "lockfileVersion": 3,
  "requires": true,
  "packages": {
    "": {
      "name": "polynomial-regressiya",
      "version": "1.0.0",
      "license": "ISC",
      "dependencies": {
        "csv-parser": "^3.0.0",
        "ml-regression": "^5.0.0",
        "plotly.js-dist-min": "^2.31.1"
      }
    },
    "node_modules/csv-parser": {
      "version": "3.0.0",
      "resolved": "https://registry.npmjs.org/csv-parser/-/csv-parser-3.0.0.tgz",
      "integrity": "sha512-s6OYSXAK3IdKqYO33y09jhypG/bSDHPuyCme/IdEHfWpLf/jKcpitVFyOC6UemgGk8v7Q5u2XE0vvwmanxhGlQ==",
      "dependencies": {
        "minimist": "^1.2.0"
      },
      "bin": {
        "csv-parser": "bin/csv-parser"
      },
      "engines": {
        "node": ">= 10"
      }
    },
    "node_modules/is-any-array": {
      "version": "2.0.1",
      "resolved": "https://registry.npmjs.org/is-any-array/-/is-any-array-2.0.1.tgz",
      "integrity": "sha512-UtilS7hLRu++wb/WBAw9bNuP1Eg04Ivn1vERJck8zJthEvXCBEBpGR/33u/xLKWEQf95803oalHrVDptcAvFdQ=="
    },
    "node_modules/median-quickselect": {
      "version": "1.0.1",
      "resolved": "https://registry.npmjs.org/median-quickselect/-/median-quickselect-1.0.1.tgz",
      "integrity": "sha512-/QL9ptNuLsdA68qO+2o10TKCyu621zwwTFdLvtu8rzRNKsn8zvuGoq/vDxECPyELFG8wu+BpyoMR9BnsJqfVZQ=="
    },
    "node_modules/minimist": {
      "version": "1.2.8",
      "resolved": "https://registry.npmjs.org/minimist/-/minimist-1.2.8.tgz",
      "integrity": "sha512-2yyAR8qBkN3YuheJanUpWC5U3bb5osDywNB8RzDVlDwDHbocAJveqqj1u8+SVD7jkWT4yvsHCpWqqWqAxb0zCA==",
      "funding": {
        "url": "https://github.com/sponsors/ljharb"
      }
    },
    "node_modules/ml-array-max": {
      "version": "1.2.4",
      "resolved": "https://registry.npmjs.org/ml-array-max/-/ml-array-max-1.2.4.tgz",
      "integrity": "sha512-BlEeg80jI0tW6WaPyGxf5Sa4sqvcyY6lbSn5Vcv44lp1I2GR6AWojfUvLnGTNsIXrZ8uqWmo8VcG1WpkI2ONMQ==",
      "dependencies": {
        "is-any-array": "^2.0.0"
      }
    },
    "node_modules/ml-array-median": {
      "version": "1.1.6",
      "resolved": "https://registry.npmjs.org/ml-array-median/-/ml-array-median-1.1.6.tgz",
      "integrity": "sha512-V6bV6bTPFRX8v5CaAx/7fuRXC39LLTHfPSVZZafdNaqNz2PFL5zEA7gesjv8dMXh+gwPeUMtB5QPovlTBaa4sw==",
      "dependencies": {
        "is-any-array": "^2.0.0",
        "median-quickselect": "^1.0.1"
      }
    },
    "node_modules/ml-array-min": {
      "version": "1.2.3",
      "resolved": "https://registry.npmjs.org/ml-array-min/-/ml-array-min-1.2.3.tgz",
      "integrity": "sha512-VcZ5f3VZ1iihtrGvgfh/q0XlMobG6GQ8FsNyQXD3T+IlstDv85g8kfV0xUG1QPRO/t21aukaJowDzMTc7j5V6Q==",
      "dependencies": {
        "is-any-array": "^2.0.0"
      }
    },
    "node_modules/ml-array-rescale": {
      "version": "1.3.7",
      "resolved": "https://registry.npmjs.org/ml-array-rescale/-/ml-array-rescale-1.3.7.tgz",
      "integrity": "sha512-48NGChTouvEo9KBctDfHC3udWnQKNKEWN0ziELvY3KG25GR5cA8K8wNVzracsqSW1QEkAXjTNx+ycgAv06/1mQ==",
      "dependencies": {
        "is-any-array": "^2.0.0",
        "ml-array-max": "^1.2.4",
        "ml-array-min": "^1.2.3"
      }
    },
    "node_modules/ml-distance-euclidean": {
      "version": "2.0.0",
      "resolved": "https://registry.npmjs.org/ml-distance-euclidean/-/ml-distance-euclidean-2.0.0.tgz",
      "integrity": "sha512-yC9/2o8QF0A3m/0IXqCTXCzz2pNEzvmcE/9HFKOZGnTjatvBbsn4lWYJkxENkA4Ug2fnYl7PXQxnPi21sgMy/Q=="
    },
    "node_modules/ml-kernel": {
      "version": "3.0.0",
      "resolved": "https://registry.npmjs.org/ml-kernel/-/ml-kernel-3.0.0.tgz",
      "integrity": "sha512-R+ZR0Kl5xJ7vnxtlDqjZ26xVk7mAw7ctK4NlzRHviBFXxp7keC9+hWirMOdzi2DOQA0t6CaRwjElZ6SdirOmow==",
      "dependencies": {
        "ml-distance-euclidean": "^2.0.0",
        "ml-kernel-gaussian": "^2.0.2",
        "ml-kernel-polynomial": "^2.0.1",
        "ml-kernel-sigmoid": "^1.0.1",
        "ml-matrix": "^6.1.2"
      }
    },
    "node_modules/ml-kernel-gaussian": {
      "version": "2.0.2",
      "resolved": "https://registry.npmjs.org/ml-kernel-gaussian/-/ml-kernel-gaussian-2.0.2.tgz",
      "integrity": "sha512-5MBrH2g9MBO53I6mcyXvMhyOLsmO2w21+26A1ZV/vYoxqpsov2PWkT8bhdFCEe0kgDupmAb6u81iOID/rhnarA==",
      "dependencies": {
        "ml-distance-euclidean": "^2.0.0"
      }
    },
    "node_modules/ml-kernel-polynomial": {
      "version": "2.0.1",
      "resolved": "https://registry.npmjs.org/ml-kernel-polynomial/-/ml-kernel-polynomial-2.0.1.tgz",
      "integrity": "sha512-aGDNRPHDiKeJmBxB0L9wTxKNLfp5JytbdRIo5K+FTcmFjkWDe3YZPo6R6wBB5mxaJ5eqTRawzeV4RoIWHbakyQ=="
    },
    "node_modules/ml-kernel-sigmoid": {
      "version": "1.0.1",
      "resolved": "https://registry.npmjs.org/ml-kernel-sigmoid/-/ml-kernel-sigmoid-1.0.1.tgz",
      "integrity": "sha512-mSbYOSbNQ7GsUAGrHuUHNsLgM3bZGpXkotw/FBdKZD9YMXfVOgQb1LvvvVeSlOR/ZdmX23qqaV0RnKSYWBF8og=="
    },
    "node_modules/ml-matrix": {
      "version": "6.11.0",
      "resolved": "https://registry.npmjs.org/ml-matrix/-/ml-matrix-6.11.0.tgz",
      "integrity": "sha512-7jr9NmFRkaUxbKslfRu3aZOjJd2LkSitCGv+QH9PF0eJoEG7jIpjXra1Vw8/kgao8+kHCSsJONG6vfWmXQ+/Eg==",
      "dependencies": {
        "is-any-array": "^2.0.1",
        "ml-array-rescale": "^1.3.7"
      }
    },
    "node_modules/ml-regression": {
      "version": "5.0.0",
      "resolved": "https://registry.npmjs.org/ml-regression/-/ml-regression-5.0.0.tgz",
      "integrity": "sha512-mBn0LpfEWV3Dk0dj+8PRNUqIHvO87rUY0PmCUTYv3MKfECx7TtlKyeacJeOBLZ4YAVixX8U5hn4HwRL6TpTYaw==",
      "dependencies": {
        "ml-kernel": "^3.0.0",
        "ml-matrix": "^6.1.2",
        "ml-regression-base": "^2.0.1",
        "ml-regression-exponential": "^2.0.0",
        "ml-regression-multivariate-linear": "^2.0.2",
        "ml-regression-polynomial": "^2.0.0",
        "ml-regression-power": "^2.0.0",
        "ml-regression-robust-polynomial": "^2.0.0",
        "ml-regression-simple-linear": "^2.0.2",
        "ml-regression-theil-sen": "^2.0.0"
      }
    },
    "node_modules/ml-regression-base": {
      "version": "2.1.6",
      "resolved": "https://registry.npmjs.org/ml-regression-base/-/ml-regression-base-2.1.6.tgz",
      "integrity": "sha512-yTckvEc8szc6VrUTJSgAClShvCoPZdNt8pmyRe8aGsIWGjg6bYFotp9mDUwAB0snvKAbQWd6A4trL/PDCASLug==",
      "dependencies": {
        "is-any-array": "^2.0.0"
      }
    },
    "node_modules/ml-regression-exponential": {
      "version": "2.1.0",
      "resolved": "https://registry.npmjs.org/ml-regression-exponential/-/ml-regression-exponential-2.1.0.tgz",
      "integrity": "sha512-6ZgGbzIkXnONfGGUU0LjIb9qb35WzVqdAFSX8vFr8UEhgXhfgEws9pGrBJu19VBEh7ZTtttcPObI3aoBscq4Kg==",
      "dependencies": {
        "ml-regression-base": "^2.1.3",
        "ml-regression-simple-linear": "^2.0.3"
      }
    },
    "node_modules/ml-regression-multivariate-linear": {
      "version": "2.0.4",
      "resolved": "https://registry.npmjs.org/ml-regression-multivariate-linear/-/ml-regression-multivariate-linear-2.0.4.tgz",
      "integrity": "sha512-/vShPAlP+mB7P2mC5TuXwObSJNl/UBI71/bszt9ilTg6yLKy6btDLpAYyJNa6t+JnL5a7q+Yy4dCltfpvqXRIw==",
      "dependencies": {
        "ml-matrix": "^6.10.1"
      }
    },
    "node_modules/ml-regression-polynomial": {
      "version": "2.2.0",
      "resolved": "https://registry.npmjs.org/ml-regression-polynomial/-/ml-regression-polynomial-2.2.0.tgz",
      "integrity": "sha512-WxFsEmi6oLxgq9TeaVoAA+vVUJFp1kGarX6WWClR8OmlanoIW5iLMnaeXfQcYuH8xNq4R1Cax2N9hYYmeWWkLg==",
      "dependencies": {
        "ml-matrix": "^6.8.0",
        "ml-regression-base": "^2.1.3"
      }
    },
    "node_modules/ml-regression-power": {
      "version": "2.0.0",
      "resolved": "https://registry.npmjs.org/ml-regression-power/-/ml-regression-power-2.0.0.tgz",
      "integrity": "sha512-u8O9Fy45+OeYm/4ZBcNDn5w3w+MHc6kZz/AWSJIwmJcyjz6PRkTZnNfgGYdVKwKKDlAOS7G/AFvMKSTWRNO4RQ==",
      "dependencies": {
        "ml-regression-base": "^2.0.1",
        "ml-regression-simple-linear": "^2.0.2"
      }
    },
    "node_modules/ml-regression-robust-polynomial": {
      "version": "2.0.1",
      "resolved": "https://registry.npmjs.org/ml-regression-robust-polynomial/-/ml-regression-robust-polynomial-2.0.1.tgz",
      "integrity": "sha512-WkxA224Cil1G3Ug/T1O8H/2IDADlca21oC5WDplcM+gQRTqtueT/Su4ubH70tG6s79XHM046HfO8xQSpDQxqqg==",
      "dependencies": {
        "ml-matrix": "^6.8.0",
        "ml-regression-base": "^2.1.3"
      }
    },
    "node_modules/ml-regression-simple-linear": {
      "version": "2.0.5",
      "resolved": "https://registry.npmjs.org/ml-regression-simple-linear/-/ml-regression-simple-linear-2.0.5.tgz",
      "integrity": "sha512-7DBYru8GvWLaYo4LUF9vU2DjzHuM6i6WGnVbEP9wq8nUFUZ2DlwN46m8Z/hNhTSR7+3T+RvhaSY+OqdBpaz8zw==",
      "dependencies": {
        "ml-regression-base": "^2.0.1"
      }
    },
    "node_modules/ml-regression-theil-sen": {
      "version": "2.0.0",
      "resolved": "https://registry.npmjs.org/ml-regression-theil-sen/-/ml-regression-theil-sen-2.0.0.tgz",
      "integrity": "sha512-RO//tYzo69XbWDO5LIPdGp8ef1MSTPPJY0bXNlmOLMSay7YR9FQqtNgqn29T9DSYTa863VAafRlCeXwDQNXkBw==",
      "dependencies": {
        "ml-array-median": "^1.1.1",
        "ml-regression-base": "^2.0.1"
      }
    },
    "node_modules/plotly.js-dist-min": {
      "version": "2.31.1",
      "resolved": "https://registry.npmjs.org/plotly.js-dist-min/-/plotly.js-dist-min-2.31.1.tgz",
      "integrity": "sha512-SSbggZZWMhlw9NEJ0SXP19IPTefdWD5L0JDPIq6oyco3u7MRQecEvyS1Uu/arK7+REYXjTJ/rzTdoV4GW3dcVA=="
    }
  }
}
