{
  "name": "logistic-regression",
  "version": "1.0.0",
  "lockfileVersion": 3,
  "requires": true,
  "packages": {
    "": {
      "name": "logistic-regression",
      "version": "1.0.0",
      "license": "ISC",
      "dependencies": {
        "js-datasets-iris": "^1.0.4",
        "js-regression": "^1.0.10"
      }
    },
    "node_modules/js-datasets-iris": {
      "version": "1.0.4",
      "resolved": "https://registry.npmjs.org/js-datasets-iris/-/js-datasets-iris-1.0.4.tgz",
      "integrity": "sha512-uRvzuDdZ4yr8apsnQu03z3sZBKYHGp+pkgQehKBOCf7fzNuiQeKmESStwTXHzuGjN+SGwTAtW83qDJegpDx6MA==",
      "bin": {
        "js-datasets-iris": "src/jsiris.js"
      }
    },
    "node_modules/js-regression": {
      "version": "1.0.10",
      "resolved": "https://registry.npmjs.org/js-regression/-/js-regression-1.0.10.tgz",
      "integrity": "sha512-NfZ+16kreh7xmQwq2zFT28ebYPt/EmlSmOAKKwHCe+kUeW4/VgrkhETDHnG4X/oihG6Kwc2Zg3rw6fe1z2mnYA==",
      "bin": {
        "js-stats": "src/jsregression.js"
      }
    }
  }
}
